
Microsoft Visual Studio Solution File, Format Version 11.00
# Visual Studio 2010
Project("{FAE04EC0-301F-11D3-BF4B-00C04F79EFBC}") = "WW", "WW.csproj", "{689C056E-DE84-44BF-B0A7-5C45DB2AF77B}"
EndProject
Global
	GlobalSection(SolutionConfigurationPlatforms) = preSolution
		Debug|Any CPU = Debug|Any CPU
		Release|Any CPU = Release|Any CPU
	EndGlobalSection
	GlobalSection(ProjectConfigurationPlatforms) = postSolution
		{689C056E-DE84-44BF-B0A7-5C45DB2AF77B}.Debug|Any CPU.ActiveCfg = Debug|Any CPU
		{689C056E-DE84-44BF-B0A7-5C45DB2AF77B}.Debug|Any CPU.Build.0 = Debug|Any CPU
		{689C056E-DE84-44BF-B0A7-5C45DB2AF77B}.Release|Any CPU.ActiveCfg = Release|Any CPU
		{689C056E-DE84-44BF-B0A7-5C45DB2AF77B}.Release|Any CPU.Build.0 = Release|Any CPU
	EndGlobalSection
	GlobalSection(SolutionProperties) = preSolution
		HideSolutionNode = FALSE
	EndGlobalSection
EndGlobal
